{
    "_meta": {
        "hash": {
            "sha256": "85d39ce26a5169f77e15c7111664b9bec3c5f0ecb6143c1497626600e6d387ea"
        },
        "pipfile-spec": 6,
        "requires": {
            "python_full_version": "3.12.1",
            "python_version": "3.12"
        },
        "sources": [
            {
                "name": "pypi",
                "url": "https://pypi.org/simple",
                "verify_ssl": true
            }
        ]
    },
    "default": {},
    "develop": {}
}
